
Microsoft Visual Studio Solution File, Format Version 12.00
# Visual Studio 2017
Project("{FAE04EC0-301F-11D3-BF4B-00C04F79EFBC}") = "Logics", "Logics.csproj", "{7098E936-DC2D-623E-3A1D-698AD803D067}"
EndProject
Project("{FAE04EC0-301F-11D3-BF4B-00C04F79EFBC}") = "Logics.Editor", "Logics.Editor.csproj", "{2B881520-8AA0-C5FE-C546-1B236C3D5DB4}"
EndProject
Global
	GlobalSection(SolutionConfigurationPlatforms) = preSolution
		Debug|Any CPU = Debug|Any CPU
		Release|Any CPU = Release|Any CPU
	EndGlobalSection
	GlobalSection(ProjectConfigurationPlatforms) = postSolution
		{7098E936-DC2D-623E-3A1D-698AD803D067}.Debug|Any CPU.ActiveCfg = Debug|Any CPU
		{7098E936-DC2D-623E-3A1D-698AD803D067}.Debug|Any CPU.Build.0 = Debug|Any CPU
		{7098E936-DC2D-623E-3A1D-698AD803D067}.Release|Any CPU.ActiveCfg = Release|Any CPU
		{7098E936-DC2D-623E-3A1D-698AD803D067}.Release|Any CPU.Build.0 = Release|Any CPU
		{2B881520-8AA0-C5FE-C546-1B236C3D5DB4}.Debug|Any CPU.ActiveCfg = Debug|Any CPU
		{2B881520-8AA0-C5FE-C546-1B236C3D5DB4}.Debug|Any CPU.Build.0 = Debug|Any CPU
		{2B881520-8AA0-C5FE-C546-1B236C3D5DB4}.Release|Any CPU.ActiveCfg = Release|Any CPU
		{2B881520-8AA0-C5FE-C546-1B236C3D5DB4}.Release|Any CPU.Build.0 = Release|Any CPU
	EndGlobalSection
	GlobalSection(SolutionProperties) = preSolution
		HideSolutionNode = FALSE
	EndGlobalSection
EndGlobal
